
Microsoft Visual Studio Solution File, Format Version 12.00
# Visual Studio Version 17
VisualStudioVersion = 17.8.35931.193
MinimumVisualStudioVersion = 10.0.40219.1
Project("{FAE04EC0-301F-11D3-BF4B-00C04F79EFBC}") = "TaskLens", "TaskLens\TaskLens.csproj", "{CC560F02-A973-4A83-BD68-16F7C1228250}"
EndProject
Global
	GlobalSection(SolutionConfigurationPlatforms) = preSolution
		Debug|Any CPU = Debug|Any CPU
		Release|Any CPU = Release|Any CPU
	EndGlobalSection
	GlobalSection(ProjectConfigurationPlatforms) = postSolution
		{CC560F02-A973-4A83-BD68-16F7C1228250}.Debug|Any CPU.ActiveCfg = Debug|Any CPU
		{CC560F02-A973-4A83-BD68-16F7C1228250}.Debug|Any CPU.Build.0 = Debug|Any CPU
		{CC560F02-A973-4A83-BD68-16F7C1228250}.Release|Any CPU.ActiveCfg = Release|Any CPU
		{CC560F02-A973-4A83-BD68-16F7C1228250}.Release|Any CPU.Build.0 = Release|Any CPU
	EndGlobalSection
	GlobalSection(SolutionProperties) = preSolution
		HideSolutionNode = FALSE
	EndGlobalSection
	GlobalSection(ExtensibilityGlobals) = postSolution
		SolutionGuid = {5FFDB958-B2F0-43D0-BE47-AE2AF5EFB6BB}
	EndGlobalSection
EndGlobal
